
Microsoft Visual Studio Solution File, Format Version 12.00
# Visual Studio Version 17
VisualStudioVersion = 17.5.33414.496
MinimumVisualStudioVersion = 10.0.40219.1
Project("{9A19103F-16F7-4668-BE54-9A1E7A4F7556}") = "DamageSystem", "DamageSystem\DamageSystem.csproj", "{044987F8-69F6-41EA-A4A5-2ABBFDCA3CF2}"
EndProject
Project("{9A19103F-16F7-4668-BE54-9A1E7A4F7556}") = "DamageSystem.Tests", "DamageSystemTests\DamageSystem.Tests.csproj", "{E40453BC-BCF7-4C08-BD16-57FC1A477140}"
	ProjectSection(ProjectDependencies) = postProject
		{044987F8-69F6-41EA-A4A5-2ABBFDCA3CF2} = {044987F8-69F6-41EA-A4A5-2ABBFDCA3CF2}
	EndProjectSection
EndProject
Global
	GlobalSection(SolutionConfigurationPlatforms) = preSolution
		Debug|Any CPU = Debug|Any CPU
		Release|Any CPU = Release|Any CPU
	EndGlobalSection
	GlobalSection(ProjectConfigurationPlatforms) = postSolution
		{044987F8-69F6-41EA-A4A5-2ABBFDCA3CF2}.Debug|Any CPU.ActiveCfg = Debug|Any CPU
		{044987F8-69F6-41EA-A4A5-2ABBFDCA3CF2}.Debug|Any CPU.Build.0 = Debug|Any CPU
		{044987F8-69F6-41EA-A4A5-2ABBFDCA3CF2}.Release|Any CPU.ActiveCfg = Release|Any CPU
		{044987F8-69F6-41EA-A4A5-2ABBFDCA3CF2}.Release|Any CPU.Build.0 = Release|Any CPU
		{E40453BC-BCF7-4C08-BD16-57FC1A477140}.Debug|Any CPU.ActiveCfg = Debug|Any CPU
		{E40453BC-BCF7-4C08-BD16-57FC1A477140}.Debug|Any CPU.Build.0 = Debug|Any CPU
		{E40453BC-BCF7-4C08-BD16-57FC1A477140}.Release|Any CPU.ActiveCfg = Release|Any CPU
		{E40453BC-BCF7-4C08-BD16-57FC1A477140}.Release|Any CPU.Build.0 = Release|Any CPU
	EndGlobalSection
	GlobalSection(SolutionProperties) = preSolution
		HideSolutionNode = FALSE
	EndGlobalSection
	GlobalSection(ExtensibilityGlobals) = postSolution
		SolutionGuid = {4A2F0412-EE8E-4C37-8F99-EBEEB991586C}
	EndGlobalSection
EndGlobal
